// !$*UTF8*$!
{
	archiveVersion = 1;
	classes = {
	};
	objectVersion = 46;
	objects = {

/* Begin PBXBuildFile section */
		D09906D619F93D9B00317A88 /* main.m in Sources */ = {isa = PBXBuildFile; fileRef = D09906D519F93D9B00317A88 /* main.m */; };
		D09906D919F93D9B00317A88 /* AppDelegate.m in Sources */ = {isa = PBXBuildFile; fileRef = D09906D819F93D9B00317A88 /* AppDelegate.m */; };
		D09906DC19F93D9B00317A88 /* MobileLogistics.xcdatamodeld in Sources */ = {isa = PBXBuildFile; fileRef = D09906DA19F93D9B00317A88 /* MobileLogistics.xcdatamodeld */; };
		D09906DF19F93D9B00317A88 /* MasterViewController.m in Sources */ = {isa = PBXBuildFile; fileRef = D09906DE19F93D9B00317A88 /* MasterViewController.m */; };
		D09906E219F93D9B00317A88 /* DetailViewController.m in Sources */ = {isa = PBXBuildFile; fileRef = D09906E119F93D9B00317A88 /* DetailViewController.m */; };
		D09906E519F93D9B00317A88 /* Main.storyboard in Resources */ = {isa = PBXBuildFile; fileRef = D09906E319F93D9B00317A88 /* Main.storyboard */; };
		D09906E719F93D9B00317A88 /* Images.xcassets in Resources */ = {isa = PBXBuildFile; fileRef = D09906E619F93D9B00317A88 /* Images.xcassets */; };
		D09906EA19F93D9B00317A88 /* LaunchScreen.xib in Resources */ = {isa = PBXBuildFile; fileRef = D09906E819F93D9B00317A88 /* LaunchScreen.xib */; };
		D09906F619F93D9B00317A88 /* MobileLogisticsTests.m in Sources */ = {isa = PBXBuildFile; fileRef = D09906F519F93D9B00317A88 /* MobileLogisticsTests.m */; };
/* End PBXBuildFile section */

/* Begin PBXContainerItemProxy section */
		D09906F019F93D9B00317A88 /* PBXContainerItemProxy */ = {
			isa = PBXContainerItemProxy;
			containerPortal = D09906C819F93D9B00317A88 /* Project object */;
			proxyType = 1;
			remoteGlobalIDString = D09906CF19F93D9B00317A88;
			remoteInfo = MobileLogistics;
		};
/* End PBXContainerItemProxy section */

/* Begin PBXFileReference section */
		D09906D019F93D9B00317A88 /* MobileLogistics.app */ = {isa = PBXFileReference; explicitFileType = wrapper.application; includeInIndex = 0; path = MobileLogistics.app; sourceTree = BUILT_PRODUCTS_DIR; };
		D09906D419F93D9B00317A88 /* Info.plist */ = {isa = PBXFileReference; lastKnownFileType = text.plist.xml; path = Info.plist; sourceTree = "<group>"; };
		D09906D519F93D9B00317A88 /* main.m */ = {isa = PBXFileReference; lastKnownFileType = sourcecode.c.objc; path = main.m; sourceTree = "<group>"; };
		D09906D719F93D9B00317A88 /* AppDelegate.h */ = {isa = PBXFileReference; lastKnownFileType = sourcecode.c.h; path = AppDelegate.h; sourceTree = "<group>"; };
		D09906D819F93D9B00317A88 /* AppDelegate.m */ = {isa = PBXFileReference; lastKnownFileType = sourcecode.c.objc; path = AppDelegate.m; sourceTree = "<group>"; };
		D09906DB19F93D9B00317A88 /* MobileLogistics.xcdatamodel */ = {isa = PBXFileReference; lastKnownFileType = wrapper.xcdatamodel; path = MobileLogistics.xcdatamodel; sourceTree = "<group>"; };
		D09906DD19F93D9B00317A88 /* MasterViewController.h */ = {isa = PBXFileReference; lastKnownFileType = sourcecode.c.h; path = MasterViewController.h; sourceTree = "<group>"; };
		D09906DE19F93D9B00317A88 /* MasterViewController.m */ = {isa = PBXFileReference; lastKnownFileType = sourcecode.c.objc; path = MasterViewController.m; sourceTree = "<group>"; };
		D09906E019F93D9B00317A88 /* DetailViewController.h */ = {isa = PBXFileReference; lastKnownFileType = sourcecode.c.h; path = DetailViewController.h; sourceTree = "<group>"; };
		D09906E119F93D9B00317A88 /* DetailViewController.m */ = {isa = PBXFileReference; lastKnownFileType = sourcecode.c.objc; path = DetailViewController.m; sourceTree = "<group>"; };
		D09906E419F93D9B00317A88 /* Base */ = {isa = PBXFileReference; lastKnownFileType = file.storyboard; name = Base; path = Base.lproj/Main.storyboard; sourceTree = "<group>"; };
		D09906E619F93D9B00317A88 /* Images.xcassets */ = {isa = PBXFileReference; lastKnownFileType = folder.assetcatalog; path = Images.xcassets; sourceTree = "<group>"; };
		D09906E919F93D9B00317A88 /* Base */ = {isa = PBXFileReference; lastKnownFileType = file.xib; name = Base; path = Base.lproj/LaunchScreen.xib; sourceTree = "<group>"; };
		D09906EF19F93D9B00317A88 /* MobileLogisticsTests.xctest */ = {isa = PBXFileReference; explicitFileType = wrapper.cfbundle; includeInIndex = 0; path = MobileLogisticsTests.xctest; sourceTree = BUILT_PRODUCTS_DIR; };
		D09906F419F93D9B00317A88 /* Info.plist */ = {isa = PBXFileReference; lastKnownFileType = text.plist.xml; path = Info.plist; sourceTree = "<group>"; };
		D09906F519F93D9B00317A88 /* MobileLogisticsTests.m */ = {isa = PBXFileReference; lastKnownFileType = sourcecode.c.objc; path = MobileLogisticsTests.m; sourceTree = "<group>"; };
/* End PBXFileReference section */

/* Begin PBXFrameworksBuildPhase section */
		D09906CD19F93D9B00317A88 /* Frameworks */ = {
			isa = PBXFrameworksBuildPhase;
			buildActionMask = 2147483647;
			files = (
			);
			runOnlyForDeploymentPostprocessing = 0;
		};
		D09906EC19F93D9B00317A88 /* Frameworks */ = {
			isa = PBXFrameworksBuildPhase;
			buildActionMask = 2147483647;
			files = (
			);
			runOnlyForDeploymentPostprocessing = 0;
		};
/* End PBXFrameworksBuildPhase section */

/* Begin PBXGroup section */
		D09906C719F93D9B00317A88 = {
			isa = PBXGroup;
			children = (
				D09906D219F93D9B00317A88 /* MobileLogistics */,
				D09906F219F93D9B00317A88 /* MobileLogisticsTests */,
				D09906D119F93D9B00317A88 /* Products */,
			);
			sourceTree = "<group>";
		};
		D09906D119F93D9B00317A88 /* Products */ = {
			isa = PBXGroup;
			children = (
				D09906D019F93D9B00317A88 /* MobileLogistics.app */,
				D09906EF19F93D9B00317A88 /* MobileLogisticsTests.xctest */,
			);
			name = Products;
			sourceTree = "<group>";
		};
		D09906D219F93D9B00317A88 /* MobileLogistics */ = {
			isa = PBXGroup;
			children = (
				D09906D719F93D9B00317A88 /* AppDelegate.h */,
				D09906D819F93D9B00317A88 /* AppDelegate.m */,
				D09906DD19F93D9B00317A88 /* MasterViewController.h */,
				D09906DE19F93D9B00317A88 /* MasterViewController.m */,
				D09906E019F93D9B00317A88 /* DetailViewController.h */,
				D09906E119F93D9B00317A88 /* DetailViewController.m */,
				D09906E319F93D9B00317A88 /* Main.storyboard */,
				D09906E619F93D9B00317A88 /* Images.xcassets */,
				D09906E819F93D9B00317A88 /* LaunchScreen.xib */,
				D09906DA19F93D9B00317A88 /* MobileLogistics.xcdatamodeld */,
				D09906D319F93D9B00317A88 /* Supporting Files */,
			);
			path = MobileLogistics;
			sourceTree = "<group>";
		};
		D09906D319F93D9B00317A88 /* Supporting Files */ = {
			isa = PBXGroup;
			children = (
				D09906D419F93D9B00317A88 /* Info.plist */,
				D09906D519F93D9B00317A88 /* main.m */,
			);
			name = "Supporting Files";
			sourceTree = "<group>";
		};
		D09906F219F93D9B00317A88 /* MobileLogisticsTests */ = {
			isa = PBXGroup;
			children = (
				D09906F519F93D9B00317A88 /* MobileLogisticsTests.m */,
				D09906F319F93D9B00317A88 /* Supporting Files */,
			);
			path = MobileLogisticsTests;
			sourceTree = "<group>";
		};
		D09906F319F93D9B00317A88 /* Supporting Files */ = {
			isa = PBXGroup;
			children = (
				D09906F419F93D9B00317A88 /* Info.plist */,
			);
			name = "Supporting Files";
			sourceTree = "<group>";
		};
/* End PBXGroup section */

/* Begin PBXNativeTarget section */
		D09906CF19F93D9B00317A88 /* MobileLogistics */ = {
			isa = PBXNativeTarget;
			buildConfigurationList = D09906F919F93D9B00317A88 /* Build configuration list for PBXNativeTarget "MobileLogistics" */;
			buildPhases = (
				D09906CC19F93D9B00317A88 /* Sources */,
				D09906CD19F93D9B00317A88 /* Frameworks */,
				D09906CE19F93D9B00317A88 /* Resources */,
			);
			buildRules = (
			);
			dependencies = (
			);
			name = MobileLogistics;
			productName = MobileLogistics;
			productReference = D09906D019F93D9B00317A88 /* MobileLogistics.app */;
			productType = "com.apple.product-type.application";
		};
		D09906EE19F93D9B00317A88 /* MobileLogisticsTests */ = {
			isa = PBXNativeTarget;
			buildConfigurationList = D09906FC19F93D9B00317A88 /* Build configuration list for PBXNativeTarget "MobileLogisticsTests" */;
			buildPhases = (
				D09906EB19F93D9B00317A88 /* Sources */,
				D09906EC19F93D9B00317A88 /* Frameworks */,
				D09906ED19F93D9B00317A88 /* Resources */,
			);
			buildRules = (
			);
			dependencies = (
				D09906F119F93D9B00317A88 /* PBXTargetDependency */,
			);
			name = MobileLogisticsTests;
			productName = MobileLogisticsTests;
			productReference = D09906EF19F93D9B00317A88 /* MobileLogisticsTests.xctest */;
			productType = "com.apple.product-type.bundle.unit-test";
		};
/* End PBXNativeTarget section */

/* Begin PBXProject section */
		D09906C819F93D9B00317A88 /* Project object */ = {
			isa = PBXProject;
			attributes = {
				LastUpgradeCheck = 0610;
				ORGANIZATIONNAME = "shane davis";
				TargetAttributes = {
					D09906CF19F93D9B00317A88 = {
						CreatedOnToolsVersion = 6.1;
					};
					D09906EE19F93D9B00317A88 = {
						CreatedOnToolsVersion = 6.1;
						TestTargetID = D09906CF19F93D9B00317A88;
					};
				};
			};
			buildConfigurationList = D09906CB19F93D9B00317A88 /* Build configuration list for PBXProject "MobileLogistics" */;
			compatibilityVersion = "Xcode 3.2";
			developmentRegion = English;
			hasScannedForEncodings = 0;
			knownRegions = (
				en,
				Base,
			);
			mainGroup = D09906C719F93D9B00317A88;
			productRefGroup = D09906D119F93D9B00317A88 /* Products */;
			projectDirPath = "";
			projectRoot = "";
			targets = (
				D09906CF19F93D9B00317A88 /* MobileLogistics */,
				D09906EE19F93D9B00317A88 /* MobileLogisticsTests */,
			);
		};
/* End PBXProject section */

/* Begin PBXResourcesBuildPhase section */
		D09906CE19F93D9B00317A88 /* Resources */ = {
			isa = PBXResourcesBuildPhase;
			buildActionMask = 2147483647;
			files = (
				D09906E519F93D9B00317A88 /* Main.storyboard in Resources */,
				D09906EA19F93D9B00317A88 /* LaunchScreen.xib in Resources */,
				D09906E719F93D9B00317A88 /* Images.xcassets in Resources */,
			);
			runOnlyForDeploymentPostprocessing = 0;
		};
		D09906ED19F93D9B00317A88 /* Resources */ = {
			isa = PBXResourcesBuildPhase;
			buildActionMask = 2147483647;
			files = (
			);
			runOnlyForDeploymentPostprocessing = 0;
		};
/* End PBXResourcesBuildPhase section */

/* Begin PBXSourcesBuildPhase section */
		D09906CC19F93D9B00317A88 /* Sources */ = {
			isa = PBXSourcesBuildPhase;
			buildActionMask = 2147483647;
			files = (
				D09906E219F93D9B00317A88 /* DetailViewController.m in Sources */,
				D09906DF19F93D9B00317A88 /* MasterViewController.m in Sources */,
				D09906DC19F93D9B00317A88 /* MobileLogistics.xcdatamodeld in Sources */,
				D09906D919F93D9B00317A88 /* AppDelegate.m in Sources */,
				D09906D619F93D9B00317A88 /* main.m in Sources */,
			);
			runOnlyForDeploymentPostprocessing = 0;
		};
		D09906EB19F93D9B00317A88 /* Sources */ = {
			isa = PBXSourcesBuildPhase;
			buildActionMask = 2147483647;
			files = (
				D09906F619F93D9B00317A88 /* MobileLogisticsTests.m in Sources */,
			);
			runOnlyForDeploymentPostprocessing = 0;
		};
/* End PBXSourcesBuildPhase section */

/* Begin PBXTargetDependency section */
		D09906F119F93D9B00317A88 /* PBXTargetDependency */ = {
			isa = PBXTargetDependency;
			target = D09906CF19F93D9B00317A88 /* MobileLogistics */;
			targetProxy = D09906F019F93D9B00317A88 /* PBXContainerItemProxy */;
		};
/* End PBXTargetDependency section */

/* Begin PBXVariantGroup section */
		D09906E319F93D9B00317A88 /* Main.storyboard */ = {
			isa = PBXVariantGroup;
			children = (
				D09906E419F93D9B00317A88 /* Base */,
			);
			name = Main.storyboard;
			sourceTree = "<group>";
		};
		D09906E819F93D9B00317A88 /* LaunchScreen.xib */ = {
			isa = PBXVariantGroup;
			children = (
				D09906E919F93D9B00317A88 /* Base */,
			);
			name = LaunchScreen.xib;
			sourceTree = "<group>";
		};
/* End PBXVariantGroup section */

/* Begin XCBuildConfiguration section */
		D09906F719F93D9B00317A88 /* Debug */ = {
			isa = XCBuildConfiguration;
			buildSettings = {
				ALWAYS_SEARCH_USER_PATHS = NO;
				CLANG_CXX_LANGUAGE_STANDARD = "gnu++0x";
				CLANG_CXX_LIBRARY = "libc++";
				CLANG_ENABLE_MODULES = YES;
				CLANG_ENABLE_OBJC_ARC = YES;
				CLANG_WARN_BOOL_CONVERSION = YES;
				CLANG_WARN_CONSTANT_CONVERSION = YES;
				CLANG_WARN_DIRECT_OBJC_ISA_USAGE = YES_ERROR;
				CLANG_WARN_EMPTY_BODY = YES;
				CLANG_WARN_ENUM_CONVERSION = YES;
				CLANG_WARN_INT_CONVERSION = YES;
				CLANG_WARN_OBJC_ROOT_CLASS = YES_ERROR;
				CLANG_WARN_UNREACHABLE_CODE = YES;
				CLANG_WARN__DUPLICATE_METHOD_MATCH = YES;
				"CODE_SIGN_IDENTITY[sdk=iphoneos*]" = "iPhone Developer";
				COPY_PHASE_STRIP = NO;
				ENABLE_STRICT_OBJC_MSGSEND = YES;
				GCC_C_LANGUAGE_STANDARD = gnu99;
				GCC_DYNAMIC_NO_PIC = NO;
				GCC_OPTIMIZATION_LEVEL = 0;
				GCC_PREPROCESSOR_DEFINITIONS = (
					"DEBUG=1",
					"$(inherited)",
				);
				GCC_SYMBOLS_PRIVATE_EXTERN = NO;
				GCC_WARN_64_TO_32_BIT_CONVERSION = YES;
				GCC_WARN_ABOUT_RETURN_TYPE = YES_ERROR;
				GCC_WARN_UNDECLARED_SELECTOR = YES;
				GCC_WARN_UNINITIALIZED_AUTOS = YES_AGGRESSIVE;
				GCC_WARN_UNUSED_FUNCTION = YES;
				GCC_WARN_UNUSED_VARIABLE = YES;
				IPHONEOS_DEPLOYMENT_TARGET = 8.1;
				MTL_ENABLE_DEBUG_INFO = YES;
				ONLY_ACTIVE_ARCH = YES;
				SDKROOT = iphoneos;
			};
			name = Debug;
		};
		D09906F819F93D9B00317A88 /* Release */ = {
			isa = XCBuildConfiguration;
			buildSettings = {
				ALWAYS_SEARCH_USER_PATHS = NO;
				CLANG_CXX_LANGUAGE_STANDARD = "gnu++0x";
				CLANG_CXX_LIBRARY = "libc++";
				CLANG_ENABLE_MODULES = YES;
				CLANG_ENABLE_OBJC_ARC = YES;
				CLANG_WARN_BOOL_CONVERSION = YES;
				CLANG_WARN_CONSTANT_CONVERSION = YES;
				CLANG_WARN_DIRECT_OBJC_ISA_USAGE = YES_ERROR;
				CLANG_WARN_EMPTY_BODY = YES;
				CLANG_WARN_ENUM_CONVERSION = YES;
				CLANG_WARN_INT_CONVERSION = YES;
				CLANG_WARN_OBJC_ROOT_CLASS = YES_ERROR;
				CLANG_WARN_UNREACHABLE_CODE = YES;
				CLANG_WARN__DUPLICATE_METHOD_MATCH = YES;
				"CODE_SIGN_IDENTITY[sdk=iphoneos*]" = "iPhone Developer";
				COPY_PHASE_STRIP = YES;
				ENABLE_NS_ASSERTIONS = NO;
				ENABLE_STRICT_OBJC_MSGSEND = YES;
				GCC_C_LANGUAGE_STANDARD = gnu99;
				GCC_WARN_64_TO_32_BIT_CONVERSION = YES;
				GCC_WARN_ABOUT_RETURN_TYPE = YES_ERROR;
				GCC_WARN_UNDECLARED_SELECTOR = YES;
				GCC_WARN_UNINITIALIZED_AUTOS = YES_AGGRESSIVE;
				GCC_WARN_UNUSED_FUNCTION = YES;
				GCC_WARN_UNUSED_VARIABLE = YES;
				IPHONEOS_DEPLOYMENT_TARGET = 8.1;
				MTL_ENABLE_DEBUG_INFO = NO;
				SDKROOT = iphoneos;
				VALIDATE_PRODUCT = YES;
			};
			name = Release;
		};
		D09906FA19F93D9B00317A88 /* Debug */ = {
			isa = XCBuildConfiguration;
			buildSettings = {
				ASSETCATALOG_COMPILER_APPICON_NAME = AppIcon;
				INFOPLIST_FILE = MobileLogistics/Info.plist;
				LD_RUNPATH_SEARCH_PATHS = "$(inherited) @executable_path/Frameworks";
				PRODUCT_NAME = "$(TARGET_NAME)";
			};
			name = Debug;
		};
		D09906FB19F93D9B00317A88 /* Release */ = {
			isa = XCBuildConfiguration;
			buildSettings = {
				ASSETCATALOG_COMPILER_APPICON_NAME = AppIcon;
				INFOPLIST_FILE = MobileLogistics/Info.plist;
				LD_RUNPATH_SEARCH_PATHS = "$(inherited) @executable_path/Frameworks";
				PRODUCT_NAME = "$(TARGET_NAME)";
			};
			name = Release;
		};
		D09906FD19F93D9B00317A88 /* Debug */ = {
			isa = XCBuildConfiguration;
			buildSettings = {
				BUNDLE_LOADER = "$(TEST_HOST)";
				FRAMEWORK_SEARCH_PATHS = (
					"$(SDKROOT)/Developer/Library/Frameworks",
					"$(inherited)",
				);
				GCC_PREPROCESSOR_DEFINITIONS = (
					"DEBUG=1",
					"$(inherited)",
				);
				INFOPLIST_FILE = MobileLogisticsTests/Info.plist;
				LD_RUNPATH_SEARCH_PATHS = "$(inherited) @executable_path/Frameworks @loader_path/Frameworks";
				PRODUCT_NAME = "$(TARGET_NAME)";
				TEST_HOST = "$(BUILT_PRODUCTS_DIR)/MobileLogistics.app/MobileLogistics";
			};
			name = Debug;
		};
		D09906FE19F93D9B00317A88 /* Release */ = {
			isa = XCBuildConfiguration;
			buildSettings = {
				BUNDLE_LOADER = "$(TEST_HOST)";
				FRAMEWORK_SEARCH_PATHS = (
					"$(SDKROOT)/Developer/Library/Frameworks",
					"$(inherited)",
				);
				INFOPLIST_FILE = MobileLogisticsTests/Info.plist;
				LD_RUNPATH_SEARCH_PATHS = "$(inherited) @executable_path/Frameworks @loader_path/Frameworks";
				PRODUCT_NAME = "$(TARGET_NAME)";
				TEST_HOST = "$(BUILT_PRODUCTS_DIR)/MobileLogistics.app/MobileLogistics";
			};
			name = Release;
		};
/* End XCBuildConfiguration section */

/* Begin XCConfigurationList section */
		D09906CB19F93D9B00317A88 /* Build configuration list for PBXProject "MobileLogistics" */ = {
			isa = XCConfigurationList;
			buildConfigurations = (
				D09906F719F93D9B00317A88 /* Debug */,
				D09906F819F93D9B00317A88 /* Release */,
			);
			defaultConfigurationIsVisible = 0;
			defaultConfigurationName = Release;
		};
		D09906F919F93D9B00317A88 /* Build configuration list for PBXNativeTarget "MobileLogistics" */ = {
			isa = XCConfigurationList;
			buildConfigurations = (
				D09906FA19F93D9B00317A88 /* Debug */,
				D09906FB19F93D9B00317A88 /* Release */,
			);
			defaultConfigurationIsVisible = 0;
		};
		D09906FC19F93D9B00317A88 /* Build configuration list for PBXNativeTarget "MobileLogisticsTests" */ = {
			isa = XCConfigurationList;
			buildConfigurations = (
				D09906FD19F93D9B00317A88 /* Debug */,
				D09906FE19F93D9B00317A88 /* Release */,
			);
			defaultConfigurationIsVisible = 0;
		};
/* End XCConfigurationList section */

/* Begin XCVersionGroup section */
		D09906DA19F93D9B00317A88 /* MobileLogistics.xcdatamodeld */ = {
			isa = XCVersionGroup;
			children = (
				D09906DB19F93D9B00317A88 /* MobileLogistics.xcdatamodel */,
			);
			currentVersion = D09906DB19F93D9B00317A88 /* MobileLogistics.xcdatamodel */;
			path = MobileLogistics.xcdatamodeld;
			sourceTree = "<group>";
			versionGroupType = wrapper.xcdatamodel;
		};
/* End XCVersionGroup section */
	};
	rootObject = D09906C819F93D9B00317A88 /* Project object */;
}
